// !$*UTF8*$!
{
	archiveVersion = 1;
	classes = {
	};
	objectVersion = 46;
	objects = {

/* Begin PBXBuildFile section */
		229400001653C6D400E137CE /* NSRelationshipDescription+MagicalDataImport.m in Sources */ = {isa = PBXBuildFile; fileRef = 2294FFC81653C6D400E137CE /* NSRelationshipDescription+MagicalDataImport.m */; };
		229400011653C6D400E137CE /* NSRelationshipDescription+MagicalDataImport.m in Sources */ = {isa = PBXBuildFile; fileRef = 2294FFC81653C6D400E137CE /* NSRelationshipDescription+MagicalDataImport.m */; };
		229400021653C6D400E137CE /* NSString+MagicalDataImport.m in Sources */ = {isa = PBXBuildFile; fileRef = 2294FFCA1653C6D400E137CE /* NSString+MagicalDataImport.m */; };
		229400031653C6D400E137CE /* NSString+MagicalDataImport.m in Sources */ = {isa = PBXBuildFile; fileRef = 2294FFCA1653C6D400E137CE /* NSString+MagicalDataImport.m */; };
		229400041653C6D400E137CE /* NSManagedObject+MagicalAggregation.m in Sources */ = {isa = PBXBuildFile; fileRef = 2294FFCD1653C6D400E137CE /* NSManagedObject+MagicalAggregation.m */; };
		229400051653C6D400E137CE /* NSManagedObject+MagicalAggregation.m in Sources */ = {isa = PBXBuildFile; fileRef = 2294FFCD1653C6D400E137CE /* NSManagedObject+MagicalAggregation.m */; };
		229400061653C6D400E137CE /* NSManagedObject+MagicalDataImport.m in Sources */ = {isa = PBXBuildFile; fileRef = 2294FFCF1653C6D400E137CE /* NSManagedObject+MagicalDataImport.m */; };
		229400071653C6D400E137CE /* NSManagedObject+MagicalDataImport.m in Sources */ = {isa = PBXBuildFile; fileRef = 2294FFCF1653C6D400E137CE /* NSManagedObject+MagicalDataImport.m */; };
		229400081653C6D400E137CE /* NSManagedObject+MagicalFinders.m in Sources */ = {isa = PBXBuildFile; fileRef = 2294FFD11653C6D400E137CE /* NSManagedObject+MagicalFinders.m */; };
		229400091653C6D400E137CE /* NSManagedObject+MagicalFinders.m in Sources */ = {isa = PBXBuildFile; fileRef = 2294FFD11653C6D400E137CE /* NSManagedObject+MagicalFinders.m */; };
		2294000A1653C6D400E137CE /* NSManagedObject+MagicalRecord.m in Sources */ = {isa = PBXBuildFile; fileRef = 2294FFD31653C6D400E137CE /* NSManagedObject+MagicalRecord.m */; };
		2294000B1653C6D400E137CE /* NSManagedObject+MagicalRecord.m in Sources */ = {isa = PBXBuildFile; fileRef = 2294FFD31653C6D400E137CE /* NSManagedObject+MagicalRecord.m */; };
		2294000C1653C6D400E137CE /* NSManagedObject+MagicalRequests.m in Sources */ = {isa = PBXBuildFile; fileRef = 2294FFD51653C6D400E137CE /* NSManagedObject+MagicalRequests.m */; };
		2294000D1653C6D400E137CE /* NSManagedObject+MagicalRequests.m in Sources */ = {isa = PBXBuildFile; fileRef = 2294FFD51653C6D400E137CE /* NSManagedObject+MagicalRequests.m */; };
		2294000E1653C6D400E137CE /* NSManagedObjectContext+MagicalObserving.m in Sources */ = {isa = PBXBuildFile; fileRef = 2294FFD81653C6D400E137CE /* NSManagedObjectContext+MagicalObserving.m */; };
		2294000F1653C6D400E137CE /* NSManagedObjectContext+MagicalObserving.m in Sources */ = {isa = PBXBuildFile; fileRef = 2294FFD81653C6D400E137CE /* NSManagedObjectContext+MagicalObserving.m */; };
		229400101653C6D400E137CE /* NSManagedObjectContext+MagicalRecord.m in Sources */ = {isa = PBXBuildFile; fileRef = 2294FFDA1653C6D400E137CE /* NSManagedObjectContext+MagicalRecord.m */; };
		229400111653C6D400E137CE /* NSManagedObjectContext+MagicalRecord.m in Sources */ = {isa = PBXBuildFile; fileRef = 2294FFDA1653C6D400E137CE /* NSManagedObjectContext+MagicalRecord.m */; };
		229400121653C6D400E137CE /* NSManagedObjectContext+MagicalSaves.m in Sources */ = {isa = PBXBuildFile; fileRef = 2294FFDC1653C6D400E137CE /* NSManagedObjectContext+MagicalSaves.m */; };
		229400131653C6D400E137CE /* NSManagedObjectContext+MagicalSaves.m in Sources */ = {isa = PBXBuildFile; fileRef = 2294FFDC1653C6D400E137CE /* NSManagedObjectContext+MagicalSaves.m */; };
		229400141653C6D400E137CE /* NSManagedObjectContext+MagicalThreading.m in Sources */ = {isa = PBXBuildFile; fileRef = 2294FFDE1653C6D400E137CE /* NSManagedObjectContext+MagicalThreading.m */; };
		229400151653C6D400E137CE /* NSManagedObjectContext+MagicalThreading.m in Sources */ = {isa = PBXBuildFile; fileRef = 2294FFDE1653C6D400E137CE /* NSManagedObjectContext+MagicalThreading.m */; };
		229400161653C6D400E137CE /* NSManagedObjectModel+MagicalRecord.m in Sources */ = {isa = PBXBuildFile; fileRef = 2294FFE01653C6D400E137CE /* NSManagedObjectModel+MagicalRecord.m */; };
		229400171653C6D400E137CE /* NSManagedObjectModel+MagicalRecord.m in Sources */ = {isa = PBXBuildFile; fileRef = 2294FFE01653C6D400E137CE /* NSManagedObjectModel+MagicalRecord.m */; };
		229400181653C6D400E137CE /* NSPersistentStore+MagicalRecord.m in Sources */ = {isa = PBXBuildFile; fileRef = 2294FFE21653C6D400E137CE /* NSPersistentStore+MagicalRecord.m */; };
		229400191653C6D400E137CE /* NSPersistentStore+MagicalRecord.m in Sources */ = {isa = PBXBuildFile; fileRef = 2294FFE21653C6D400E137CE /* NSPersistentStore+MagicalRecord.m */; };
		2294001A1653C6D400E137CE /* NSPersistentStoreCoordinator+MagicalRecord.m in Sources */ = {isa = PBXBuildFile; fileRef = 2294FFE41653C6D400E137CE /* NSPersistentStoreCoordinator+MagicalRecord.m */; };
		2294001B1653C6D400E137CE /* NSPersistentStoreCoordinator+MagicalRecord.m in Sources */ = {isa = PBXBuildFile; fileRef = 2294FFE41653C6D400E137CE /* NSPersistentStoreCoordinator+MagicalRecord.m */; };
		2294001C1653C6D400E137CE /* MagicalRecord+Actions.m in Sources */ = {isa = PBXBuildFile; fileRef = 2294FFE71653C6D400E137CE /* MagicalRecord+Actions.m */; };
		2294001D1653C6D400E137CE /* MagicalRecord+Actions.m in Sources */ = {isa = PBXBuildFile; fileRef = 2294FFE71653C6D400E137CE /* MagicalRecord+Actions.m */; };
		2294001E1653C6D400E137CE /* MagicalRecord+ErrorHandling.m in Sources */ = {isa = PBXBuildFile; fileRef = 2294FFE91653C6D400E137CE /* MagicalRecord+ErrorHandling.m */; };
		2294001F1653C6D400E137CE /* MagicalRecord+ErrorHandling.m in Sources */ = {isa = PBXBuildFile; fileRef = 2294FFE91653C6D400E137CE /* MagicalRecord+ErrorHandling.m */; };
		229400201653C6D400E137CE /* MagicalRecord+iCloud.m in Sources */ = {isa = PBXBuildFile; fileRef = 2294FFEB1653C6D400E137CE /* MagicalRecord+iCloud.m */; };
		229400211653C6D400E137CE /* MagicalRecord+iCloud.m in Sources */ = {isa = PBXBuildFile; fileRef = 2294FFEB1653C6D400E137CE /* MagicalRecord+iCloud.m */; };
		229400221653C6D400E137CE /* MagicalRecord+Options.m in Sources */ = {isa = PBXBuildFile; fileRef = 2294FFED1653C6D400E137CE /* MagicalRecord+Options.m */; };
		229400231653C6D400E137CE /* MagicalRecord+Options.m in Sources */ = {isa = PBXBuildFile; fileRef = 2294FFED1653C6D400E137CE /* MagicalRecord+Options.m */; };
		229400241653C6D400E137CE /* MagicalRecord+Setup.m in Sources */ = {isa = PBXBuildFile; fileRef = 2294FFEF1653C6D400E137CE /* MagicalRecord+Setup.m */; };
		229400251653C6D400E137CE /* MagicalRecord+Setup.m in Sources */ = {isa = PBXBuildFile; fileRef = 2294FFEF1653C6D400E137CE /* MagicalRecord+Setup.m */; };
		229400261653C6D400E137CE /* MagicalRecord+ShorthandSupport.m in Sources */ = {isa = PBXBuildFile; fileRef = 2294FFF11653C6D400E137CE /* MagicalRecord+ShorthandSupport.m */; };
		229400271653C6D400E137CE /* MagicalRecord+ShorthandSupport.m in Sources */ = {isa = PBXBuildFile; fileRef = 2294FFF11653C6D400E137CE /* MagicalRecord+ShorthandSupport.m */; };
		229400281653C6D400E137CE /* MagicalRecord.m in Sources */ = {isa = PBXBuildFile; fileRef = 2294FFF31653C6D400E137CE /* MagicalRecord.m */; };
		229400291653C6D400E137CE /* MagicalRecord.m in Sources */ = {isa = PBXBuildFile; fileRef = 2294FFF31653C6D400E137CE /* MagicalRecord.m */; };
		2294002B1653C72900E137CE /* CoreData.framework in Frameworks */ = {isa = PBXBuildFile; fileRef = 2294002A1653C72900E137CE /* CoreData.framework */; };
		2294002C1653C73200E137CE /* CoreData.framework in Frameworks */ = {isa = PBXBuildFile; fileRef = 2294002A1653C72900E137CE /* CoreData.framework */; };
		2294FF5E1653BAD100E137CE /* UIKit.framework in Frameworks */ = {isa = PBXBuildFile; fileRef = 2294FF5D1653BAD100E137CE /* UIKit.framework */; };
		2294FF601653BAD100E137CE /* Foundation.framework in Frameworks */ = {isa = PBXBuildFile; fileRef = 2294FF5F1653BAD100E137CE /* Foundation.framework */; };
		2294FF621653BAD100E137CE /* CoreGraphics.framework in Frameworks */ = {isa = PBXBuildFile; fileRef = 2294FF611653BAD100E137CE /* CoreGraphics.framework */; };
		2294FF681653BAD100E137CE /* InfoPlist.strings in Resources */ = {isa = PBXBuildFile; fileRef = 2294FF661653BAD100E137CE /* InfoPlist.strings */; };
		2294FF6A1653BAD100E137CE /* main.m in Sources */ = {isa = PBXBuildFile; fileRef = 2294FF691653BAD100E137CE /* main.m */; };
		2294FF6E1653BAD100E137CE /* AppDelegate.m in Sources */ = {isa = PBXBuildFile; fileRef = 2294FF6D1653BAD100E137CE /* AppDelegate.m */; };
		2294FF701653BAD100E137CE /* Default.png in Resources */ = {isa = PBXBuildFile; fileRef = 2294FF6F1653BAD100E137CE /* Default.png */; };
		2294FF721653BAD100E137CE /* Default@2x.png in Resources */ = {isa = PBXBuildFile; fileRef = 2294FF711653BAD100E137CE /* Default@2x.png */; };
		2294FF741653BAD100E137CE /* Default-568h@2x.png in Resources */ = {isa = PBXBuildFile; fileRef = 2294FF731653BAD100E137CE /* Default-568h@2x.png */; };
		2294FF771653BAD100E137CE /* ViewController.m in Sources */ = {isa = PBXBuildFile; fileRef = 2294FF761653BAD100E137CE /* ViewController.m */; };
		2294FF7A1653BAD100E137CE /* ViewController_iPhone.xib in Resources */ = {isa = PBXBuildFile; fileRef = 2294FF781653BAD100E137CE /* ViewController_iPhone.xib */; };
		2294FF7D1653BAD100E137CE /* ViewController_iPad.xib in Resources */ = {isa = PBXBuildFile; fileRef = 2294FF7B1653BAD100E137CE /* ViewController_iPad.xib */; };
		2294FF851653BAD100E137CE /* SenTestingKit.framework in Frameworks */ = {isa = PBXBuildFile; fileRef = 2294FF841653BAD100E137CE /* SenTestingKit.framework */; };
		2294FF861653BAD100E137CE /* UIKit.framework in Frameworks */ = {isa = PBXBuildFile; fileRef = 2294FF5D1653BAD100E137CE /* UIKit.framework */; };
		2294FF871653BAD100E137CE /* Foundation.framework in Frameworks */ = {isa = PBXBuildFile; fileRef = 2294FF5F1653BAD100E137CE /* Foundation.framework */; };
		2294FF8F1653BAD100E137CE /* InfoPlist.strings in Resources */ = {isa = PBXBuildFile; fileRef = 2294FF8D1653BAD100E137CE /* InfoPlist.strings */; };
		2294FF921653BAD100E137CE /* KiwiSenTest.m in Sources */ = {isa = PBXBuildFile; fileRef = 2294FF911653BAD100E137CE /* KiwiSenTest.m */; };
		2294FFAA1653BE5F00E137CE /* KiwiTest.m in Sources */ = {isa = PBXBuildFile; fileRef = 2294FFA91653BE5F00E137CE /* KiwiTest.m */; };
		2294FFAF1653C14F00E137CE /* libKiwi.a in Frameworks */ = {isa = PBXBuildFile; fileRef = 2294FFAE1653C14F00E137CE /* libKiwi.a */; };
		2294FFF61653C6D400E137CE /* MagicalImportFunctions.m in Sources */ = {isa = PBXBuildFile; fileRef = 2294FFBE1653C6D400E137CE /* MagicalImportFunctions.m */; };
		2294FFF71653C6D400E137CE /* MagicalImportFunctions.m in Sources */ = {isa = PBXBuildFile; fileRef = 2294FFBE1653C6D400E137CE /* MagicalImportFunctions.m */; };
		2294FFF81653C6D400E137CE /* NSAttributeDescription+MagicalDataImport.m in Sources */ = {isa = PBXBuildFile; fileRef = 2294FFC01653C6D400E137CE /* NSAttributeDescription+MagicalDataImport.m */; };
		2294FFF91653C6D400E137CE /* NSAttributeDescription+MagicalDataImport.m in Sources */ = {isa = PBXBuildFile; fileRef = 2294FFC01653C6D400E137CE /* NSAttributeDescription+MagicalDataImport.m */; };
		2294FFFA1653C6D400E137CE /* NSEntityDescription+MagicalDataImport.m in Sources */ = {isa = PBXBuildFile; fileRef = 2294FFC21653C6D400E137CE /* NSEntityDescription+MagicalDataImport.m */; };
		2294FFFB1653C6D400E137CE /* NSEntityDescription+MagicalDataImport.m in Sources */ = {isa = PBXBuildFile; fileRef = 2294FFC21653C6D400E137CE /* NSEntityDescription+MagicalDataImport.m */; };
		2294FFFC1653C6D400E137CE /* NSNumber+MagicalDataImport.m in Sources */ = {isa = PBXBuildFile; fileRef = 2294FFC41653C6D400E137CE /* NSNumber+MagicalDataImport.m */; };
		2294FFFD1653C6D400E137CE /* NSNumber+MagicalDataImport.m in Sources */ = {isa = PBXBuildFile; fileRef = 2294FFC41653C6D400E137CE /* NSNumber+MagicalDataImport.m */; };
		2294FFFE1653C6D400E137CE /* NSObject+MagicalDataImport.m in Sources */ = {isa = PBXBuildFile; fileRef = 2294FFC61653C6D400E137CE /* NSObject+MagicalDataImport.m */; };
		2294FFFF1653C6D400E137CE /* NSObject+MagicalDataImport.m in Sources */ = {isa = PBXBuildFile; fileRef = 2294FFC61653C6D400E137CE /* NSObject+MagicalDataImport.m */; };
/* End PBXBuildFile section */

/* Begin PBXContainerItemProxy section */
		2294FF881653BAD100E137CE /* PBXContainerItemProxy */ = {
			isa = PBXContainerItemProxy;
			containerPortal = 2294FF501653BAD100E137CE /* Project object */;
			proxyType = 1;
			remoteGlobalIDString = 2294FF581653BAD100E137CE;
			remoteInfo = KiwiTests;
		};
/* End PBXContainerItemProxy section */

/* Begin PBXFileReference section */
		2294002A1653C72900E137CE /* CoreData.framework */ = {isa = PBXFileReference; lastKnownFileType = wrapper.framework; name = CoreData.framework; path = System/Library/Frameworks/CoreData.framework; sourceTree = SDKROOT; };
		2294FF591653BAD100E137CE /* KiwiTests.app */ = {isa = PBXFileReference; explicitFileType = wrapper.application; includeInIndex = 0; path = KiwiTests.app; sourceTree = BUILT_PRODUCTS_DIR; };
		2294FF5D1653BAD100E137CE /* UIKit.framework */ = {isa = PBXFileReference; lastKnownFileType = wrapper.framework; name = UIKit.framework; path = System/Library/Frameworks/UIKit.framework; sourceTree = SDKROOT; };
		2294FF5F1653BAD100E137CE /* Foundation.framework */ = {isa = PBXFileReference; lastKnownFileType = wrapper.framework; name = Foundation.framework; path = System/Library/Frameworks/Foundation.framework; sourceTree = SDKROOT; };
		2294FF611653BAD100E137CE /* CoreGraphics.framework */ = {isa = PBXFileReference; lastKnownFileType = wrapper.framework; name = CoreGraphics.framework; path = System/Library/Frameworks/CoreGraphics.framework; sourceTree = SDKROOT; };
		2294FF651653BAD100E137CE /* KiwiTests-Info.plist */ = {isa = PBXFileReference; lastKnownFileType = text.plist.xml; path = "KiwiTests-Info.plist"; sourceTree = "<group>"; };
		2294FF671653BAD100E137CE /* en */ = {isa = PBXFileReference; lastKnownFileType = text.plist.strings; name = en; path = en.lproj/InfoPlist.strings; sourceTree = "<group>"; };
		2294FF691653BAD100E137CE /* main.m */ = {isa = PBXFileReference; lastKnownFileType = sourcecode.c.objc; path = main.m; sourceTree = "<group>"; };
		2294FF6B1653BAD100E137CE /* KiwiTests-Prefix.pch */ = {isa = PBXFileReference; lastKnownFileType = sourcecode.c.h; path = "KiwiTests-Prefix.pch"; sourceTree = "<group>"; };
		2294FF6C1653BAD100E137CE /* AppDelegate.h */ = {isa = PBXFileReference; lastKnownFileType = sourcecode.c.h; path = AppDelegate.h; sourceTree = "<group>"; };
		2294FF6D1653BAD100E137CE /* AppDelegate.m */ = {isa = PBXFileReference; lastKnownFileType = sourcecode.c.objc; path = AppDelegate.m; sourceTree = "<group>"; };
		2294FF6F1653BAD100E137CE /* Default.png */ = {isa = PBXFileReference; lastKnownFileType = image.png; path = Default.png; sourceTree = "<group>"; };
		2294FF711653BAD100E137CE /* Default@2x.png */ = {isa = PBXFileReference; lastKnownFileType = image.png; path = "Default@2x.png"; sourceTree = "<group>"; };
		2294FF731653BAD100E137CE /* Default-568h@2x.png */ = {isa = PBXFileReference; lastKnownFileType = image.png; path = "Default-568h@2x.png"; sourceTree = "<group>"; };
		2294FF751653BAD100E137CE /* ViewController.h */ = {isa = PBXFileReference; lastKnownFileType = sourcecode.c.h; path = ViewController.h; sourceTree = "<group>"; };
		2294FF761653BAD100E137CE /* ViewController.m */ = {isa = PBXFileReference; lastKnownFileType = sourcecode.c.objc; path = ViewController.m; sourceTree = "<group>"; };
		2294FF791653BAD100E137CE /* en */ = {isa = PBXFileReference; lastKnownFileType = file.xib; name = en; path = en.lproj/ViewController_iPhone.xib; sourceTree = "<group>"; };
		2294FF7C1653BAD100E137CE /* en */ = {isa = PBXFileReference; lastKnownFileType = file.xib; name = en; path = en.lproj/ViewController_iPad.xib; sourceTree = "<group>"; };
		2294FF831653BAD100E137CE /* KiwiTestsTests.octest */ = {isa = PBXFileReference; explicitFileType = wrapper.cfbundle; includeInIndex = 0; path = KiwiTestsTests.octest; sourceTree = BUILT_PRODUCTS_DIR; };
		2294FF841653BAD100E137CE /* SenTestingKit.framework */ = {isa = PBXFileReference; lastKnownFileType = wrapper.framework; name = SenTestingKit.framework; path = Library/Frameworks/SenTestingKit.framework; sourceTree = DEVELOPER_DIR; };
		2294FF8C1653BAD100E137CE /* KiwiTestsTests-Info.plist */ = {isa = PBXFileReference; lastKnownFileType = text.plist.xml; path = "KiwiTestsTests-Info.plist"; sourceTree = "<group>"; };
		2294FF8E1653BAD100E137CE /* en */ = {isa = PBXFileReference; lastKnownFileType = text.plist.strings; name = en; path = en.lproj/InfoPlist.strings; sourceTree = "<group>"; };
		2294FF901653BAD100E137CE /* KiwiSenTest.h */ = {isa = PBXFileReference; lastKnownFileType = sourcecode.c.h; path = KiwiSenTest.h; sourceTree = "<group>"; };
		2294FF911653BAD100E137CE /* KiwiSenTest.m */ = {isa = PBXFileReference; lastKnownFileType = sourcecode.c.objc; path = KiwiSenTest.m; sourceTree = "<group>"; };
		2294FFA91653BE5F00E137CE /* KiwiTest.m */ = {isa = PBXFileReference; fileEncoding = 4; lastKnownFileType = sourcecode.c.objc; path = KiwiTest.m; sourceTree = "<group>"; };
		2294FFAE1653C14F00E137CE /* libKiwi.a */ = {isa = PBXFileReference; lastKnownFileType = archive.ar; name = libKiwi.a; path = "../Frameworks/Kiwi/build/Release-iphoneos/libKiwi.a"; sourceTree = "<group>"; };
		2294FFBD1653C6D400E137CE /* MagicalImportFunctions.h */ = {isa = PBXFileReference; fileEncoding = 4; lastKnownFileType = sourcecode.c.h; path = MagicalImportFunctions.h; sourceTree = "<group>"; };
		2294FFBE1653C6D400E137CE /* MagicalImportFunctions.m */ = {isa = PBXFileReference; fileEncoding = 4; lastKnownFileType = sourcecode.c.objc; path = MagicalImportFunctions.m; sourceTree = "<group>"; };
		2294FFBF1653C6D400E137CE /* NSAttributeDescription+MagicalDataImport.h */ = {isa = PBXFileReference; fileEncoding = 4; lastKnownFileType = sourcecode.c.h; path = "NSAttributeDescription+MagicalDataImport.h"; sourceTree = "<group>"; };
		2294FFC01653C6D400E137CE /* NSAttributeDescription+MagicalDataImport.m */ = {isa = PBXFileReference; fileEncoding = 4; lastKnownFileType = sourcecode.c.objc; path = "NSAttributeDescription+MagicalDataImport.m"; sourceTree = "<group>"; };
		2294FFC11653C6D400E137CE /* NSEntityDescription+MagicalDataImport.h */ = {isa = PBXFileReference; fileEncoding = 4; lastKnownFileType = sourcecode.c.h; path = "NSEntityDescription+MagicalDataImport.h"; sourceTree = "<group>"; };
		2294FFC21653C6D400E137CE /* NSEntityDescription+MagicalDataImport.m */ = {isa = PBXFileReference; fileEncoding = 4; lastKnownFileType = sourcecode.c.objc; path = "NSEntityDescription+MagicalDataImport.m"; sourceTree = "<group>"; };
		2294FFC31653C6D400E137CE /* NSNumber+MagicalDataImport.h */ = {isa = PBXFileReference; fileEncoding = 4; lastKnownFileType = sourcecode.c.h; path = "NSNumber+MagicalDataImport.h"; sourceTree = "<group>"; };
		2294FFC41653C6D400E137CE /* NSNumber+MagicalDataImport.m */ = {isa = PBXFileReference; fileEncoding = 4; lastKnownFileType = sourcecode.c.objc; path = "NSNumber+MagicalDataImport.m"; sourceTree = "<group>"; };
		2294FFC51653C6D400E137CE /* NSObject+MagicalDataImport.h */ = {isa = PBXFileReference; fileEncoding = 4; lastKnownFileType = sourcecode.c.h; path = "NSObject+MagicalDataImport.h"; sourceTree = "<group>"; };
		2294FFC61653C6D400E137CE /* NSObject+MagicalDataImport.m */ = {isa = PBXFileReference; fileEncoding = 4; lastKnownFileType = sourcecode.c.objc; path = "NSObject+MagicalDataImport.m"; sourceTree = "<group>"; };
		2294FFC71653C6D400E137CE /* NSRelationshipDescription+MagicalDataImport.h */ = {isa = PBXFileReference; fileEncoding = 4; lastKnownFileType = sourcecode.c.h; path = "NSRelationshipDescription+MagicalDataImport.h"; sourceTree = "<group>"; };
		2294FFC81653C6D400E137CE /* NSRelationshipDescription+MagicalDataImport.m */ = {isa = PBXFileReference; fileEncoding = 4; lastKnownFileType = sourcecode.c.objc; path = "NSRelationshipDescription+MagicalDataImport.m"; sourceTree = "<group>"; };
		2294FFC91653C6D400E137CE /* NSString+MagicalDataImport.h */ = {isa = PBXFileReference; fileEncoding = 4; lastKnownFileType = sourcecode.c.h; path = "NSString+MagicalDataImport.h"; sourceTree = "<group>"; };
		2294FFCA1653C6D400E137CE /* NSString+MagicalDataImport.m */ = {isa = PBXFileReference; fileEncoding = 4; lastKnownFileType = sourcecode.c.objc; path = "NSString+MagicalDataImport.m"; sourceTree = "<group>"; };
		2294FFCC1653C6D400E137CE /* NSManagedObject+MagicalAggregation.h */ = {isa = PBXFileReference; fileEncoding = 4; lastKnownFileType = sourcecode.c.h; path = "NSManagedObject+MagicalAggregation.h"; sourceTree = "<group>"; };
		2294FFCD1653C6D400E137CE /* NSManagedObject+MagicalAggregation.m */ = {isa = PBXFileReference; fileEncoding = 4; lastKnownFileType = sourcecode.c.objc; path = "NSManagedObject+MagicalAggregation.m"; sourceTree = "<group>"; };
		2294FFCE1653C6D400E137CE /* NSManagedObject+MagicalDataImport.h */ = {isa = PBXFileReference; fileEncoding = 4; lastKnownFileType = sourcecode.c.h; path = "NSManagedObject+MagicalDataImport.h"; sourceTree = "<group>"; };
		2294FFCF1653C6D400E137CE /* NSManagedObject+MagicalDataImport.m */ = {isa = PBXFileReference; fileEncoding = 4; lastKnownFileType = sourcecode.c.objc; path = "NSManagedObject+MagicalDataImport.m"; sourceTree = "<group>"; };
		2294FFD01653C6D400E137CE /* NSManagedObject+MagicalFinders.h */ = {isa = PBXFileReference; fileEncoding = 4; lastKnownFileType = sourcecode.c.h; path = "NSManagedObject+MagicalFinders.h"; sourceTree = "<group>"; };
		2294FFD11653C6D400E137CE /* NSManagedObject+MagicalFinders.m */ = {isa = PBXFileReference; fileEncoding = 4; lastKnownFileType = sourcecode.c.objc; path = "NSManagedObject+MagicalFinders.m"; sourceTree = "<group>"; };
		2294FFD21653C6D400E137CE /* NSManagedObject+MagicalRecord.h */ = {isa = PBXFileReference; fileEncoding = 4; lastKnownFileType = sourcecode.c.h; path = "NSManagedObject+MagicalRecord.h"; sourceTree = "<group>"; };
		2294FFD31653C6D400E137CE /* NSManagedObject+MagicalRecord.m */ = {isa = PBXFileReference; fileEncoding = 4; lastKnownFileType = sourcecode.c.objc; path = "NSManagedObject+MagicalRecord.m"; sourceTree = "<group>"; };
		2294FFD41653C6D400E137CE /* NSManagedObject+MagicalRequests.h */ = {isa = PBXFileReference; fileEncoding = 4; lastKnownFileType = sourcecode.c.h; path = "NSManagedObject+MagicalRequests.h"; sourceTree = "<group>"; };
		2294FFD51653C6D400E137CE /* NSManagedObject+MagicalRequests.m */ = {isa = PBXFileReference; fileEncoding = 4; lastKnownFileType = sourcecode.c.objc; path = "NSManagedObject+MagicalRequests.m"; sourceTree = "<group>"; };
		2294FFD71653C6D400E137CE /* NSManagedObjectContext+MagicalObserving.h */ = {isa = PBXFileReference; fileEncoding = 4; lastKnownFileType = sourcecode.c.h; path = "NSManagedObjectContext+MagicalObserving.h"; sourceTree = "<group>"; };
		2294FFD81653C6D400E137CE /* NSManagedObjectContext+MagicalObserving.m */ = {isa = PBXFileReference; fileEncoding = 4; lastKnownFileType = sourcecode.c.objc; path = "NSManagedObjectContext+MagicalObserving.m"; sourceTree = "<group>"; };
		2294FFD91653C6D400E137CE /* NSManagedObjectContext+MagicalRecord.h */ = {isa = PBXFileReference; fileEncoding = 4; lastKnownFileType = sourcecode.c.h; path = "NSManagedObjectContext+MagicalRecord.h"; sourceTree = "<group>"; };
		2294FFDA1653C6D400E137CE /* NSManagedObjectContext+MagicalRecord.m */ = {isa = PBXFileReference; fileEncoding = 4; lastKnownFileType = sourcecode.c.objc; path = "NSManagedObjectContext+MagicalRecord.m"; sourceTree = "<group>"; };
		2294FFDB1653C6D400E137CE /* NSManagedObjectContext+MagicalSaves.h */ = {isa = PBXFileReference; fileEncoding = 4; lastKnownFileType = sourcecode.c.h; path = "NSManagedObjectContext+MagicalSaves.h"; sourceTree = "<group>"; };
		2294FFDC1653C6D400E137CE /* NSManagedObjectContext+MagicalSaves.m */ = {isa = PBXFileReference; fileEncoding = 4; lastKnownFileType = sourcecode.c.objc; path = "NSManagedObjectContext+MagicalSaves.m"; sourceTree = "<group>"; };
		2294FFDD1653C6D400E137CE /* NSManagedObjectContext+MagicalThreading.h */ = {isa = PBXFileReference; fileEncoding = 4; lastKnownFileType = sourcecode.c.h; path = "NSManagedObjectContext+MagicalThreading.h"; sourceTree = "<group>"; };
		2294FFDE1653C6D400E137CE /* NSManagedObjectContext+MagicalThreading.m */ = {isa = PBXFileReference; fileEncoding = 4; lastKnownFileType = sourcecode.c.objc; path = "NSManagedObjectContext+MagicalThreading.m"; sourceTree = "<group>"; };
		2294FFDF1653C6D400E137CE /* NSManagedObjectModel+MagicalRecord.h */ = {isa = PBXFileReference; fileEncoding = 4; lastKnownFileType = sourcecode.c.h; path = "NSManagedObjectModel+MagicalRecord.h"; sourceTree = "<group>"; };
		2294FFE01653C6D400E137CE /* NSManagedObjectModel+MagicalRecord.m */ = {isa = PBXFileReference; fileEncoding = 4; lastKnownFileType = sourcecode.c.objc; path = "NSManagedObjectModel+MagicalRecord.m"; sourceTree = "<group>"; };
		2294FFE11653C6D400E137CE /* NSPersistentStore+MagicalRecord.h */ = {isa = PBXFileReference; fileEncoding = 4; lastKnownFileType = sourcecode.c.h; path = "NSPersistentStore+MagicalRecord.h"; sourceTree = "<group>"; };
		2294FFE21653C6D400E137CE /* NSPersistentStore+MagicalRecord.m */ = {isa = PBXFileReference; fileEncoding = 4; lastKnownFileType = sourcecode.c.objc; path = "NSPersistentStore+MagicalRecord.m"; sourceTree = "<group>"; };
		2294FFE31653C6D400E137CE /* NSPersistentStoreCoordinator+MagicalRecord.h */ = {isa = PBXFileReference; fileEncoding = 4; lastKnownFileType = sourcecode.c.h; path = "NSPersistentStoreCoordinator+MagicalRecord.h"; sourceTree = "<group>"; };
		2294FFE41653C6D400E137CE /* NSPersistentStoreCoordinator+MagicalRecord.m */ = {isa = PBXFileReference; fileEncoding = 4; lastKnownFileType = sourcecode.c.objc; path = "NSPersistentStoreCoordinator+MagicalRecord.m"; sourceTree = "<group>"; };
		2294FFE61653C6D400E137CE /* MagicalRecord+Actions.h */ = {isa = PBXFileReference; fileEncoding = 4; lastKnownFileType = sourcecode.c.h; path = "MagicalRecord+Actions.h"; sourceTree = "<group>"; };
		2294FFE71653C6D400E137CE /* MagicalRecord+Actions.m */ = {isa = PBXFileReference; fileEncoding = 4; lastKnownFileType = sourcecode.c.objc; path = "MagicalRecord+Actions.m"; sourceTree = "<group>"; };
		2294FFE81653C6D400E137CE /* MagicalRecord+ErrorHandling.h */ = {isa = PBXFileReference; fileEncoding = 4; lastKnownFileType = sourcecode.c.h; path = "MagicalRecord+ErrorHandling.h"; sourceTree = "<group>"; };
		2294FFE91653C6D400E137CE /* MagicalRecord+ErrorHandling.m */ = {isa = PBXFileReference; fileEncoding = 4; lastKnownFileType = sourcecode.c.objc; path = "MagicalRecord+ErrorHandling.m"; sourceTree = "<group>"; };
		2294FFEA1653C6D400E137CE /* MagicalRecord+iCloud.h */ = {isa = PBXFileReference; fileEncoding = 4; lastKnownFileType = sourcecode.c.h; path = "MagicalRecord+iCloud.h"; sourceTree = "<group>"; };
		2294FFEB1653C6D400E137CE /* MagicalRecord+iCloud.m */ = {isa = PBXFileReference; fileEncoding = 4; lastKnownFileType = sourcecode.c.objc; path = "MagicalRecord+iCloud.m"; sourceTree = "<group>"; };
		2294FFEC1653C6D400E137CE /* MagicalRecord+Options.h */ = {isa = PBXFileReference; fileEncoding = 4; lastKnownFileType = sourcecode.c.h; path = "MagicalRecord+Options.h"; sourceTree = "<group>"; };
		2294FFED1653C6D400E137CE /* MagicalRecord+Options.m */ = {isa = PBXFileReference; fileEncoding = 4; lastKnownFileType = sourcecode.c.objc; path = "MagicalRecord+Options.m"; sourceTree = "<group>"; };
		2294FFEE1653C6D400E137CE /* MagicalRecord+Setup.h */ = {isa = PBXFileReference; fileEncoding = 4; lastKnownFileType = sourcecode.c.h; path = "MagicalRecord+Setup.h"; sourceTree = "<group>"; };
		2294FFEF1653C6D400E137CE /* MagicalRecord+Setup.m */ = {isa = PBXFileReference; fileEncoding = 4; lastKnownFileType = sourcecode.c.objc; path = "MagicalRecord+Setup.m"; sourceTree = "<group>"; };
		2294FFF01653C6D400E137CE /* MagicalRecord+ShorthandSupport.h */ = {isa = PBXFileReference; fileEncoding = 4; lastKnownFileType = sourcecode.c.h; path = "MagicalRecord+ShorthandSupport.h"; sourceTree = "<group>"; };
		2294FFF11653C6D400E137CE /* MagicalRecord+ShorthandSupport.m */ = {isa = PBXFileReference; fileEncoding = 4; lastKnownFileType = sourcecode.c.objc; path = "MagicalRecord+ShorthandSupport.m"; sourceTree = "<group>"; };
		2294FFF21653C6D400E137CE /* MagicalRecord.h */ = {isa = PBXFileReference; fileEncoding = 4; lastKnownFileType = sourcecode.c.h; path = MagicalRecord.h; sourceTree = "<group>"; };
		2294FFF31653C6D400E137CE /* MagicalRecord.m */ = {isa = PBXFileReference; fileEncoding = 4; lastKnownFileType = sourcecode.c.objc; path = MagicalRecord.m; sourceTree = "<group>"; };
		2294FFF41653C6D400E137CE /* MagicalRecordShorthand.h */ = {isa = PBXFileReference; fileEncoding = 4; lastKnownFileType = sourcecode.c.h; path = MagicalRecordShorthand.h; sourceTree = "<group>"; };
		2294FFF51653C6D400E137CE /* CoreData+MagicalRecord.h */ = {isa = PBXFileReference; fileEncoding = 4; lastKnownFileType = sourcecode.c.h; path = "CoreData+MagicalRecord.h"; sourceTree = "<group>"; };
/* End PBXFileReference section */

/* Begin PBXFrameworksBuildPhase section */
		2294FF561653BAD100E137CE /* Frameworks */ = {
			isa = PBXFrameworksBuildPhase;
			buildActionMask = 2147483647;
			files = (
				2294002B1653C72900E137CE /* CoreData.framework in Frameworks */,
				2294FF5E1653BAD100E137CE /* UIKit.framework in Frameworks */,
				2294FF601653BAD100E137CE /* Foundation.framework in Frameworks */,
				2294FF621653BAD100E137CE /* CoreGraphics.framework in Frameworks */,
			);
			runOnlyForDeploymentPostprocessing = 0;
		};
		2294FF7F1653BAD100E137CE /* Frameworks */ = {
			isa = PBXFrameworksBuildPhase;
			buildActionMask = 2147483647;
			files = (
				2294002C1653C73200E137CE /* CoreData.framework in Frameworks */,
				2294FFAF1653C14F00E137CE /* libKiwi.a in Frameworks */,
				2294FF851653BAD100E137CE /* SenTestingKit.framework in Frameworks */,
				2294FF861653BAD100E137CE /* UIKit.framework in Frameworks */,
				2294FF871653BAD100E137CE /* Foundation.framework in Frameworks */,
			);
			runOnlyForDeploymentPostprocessing = 0;
		};
/* End PBXFrameworksBuildPhase section */

/* Begin PBXGroup section */
		229400311653C85900E137CE /* Data model */ = {
			isa = PBXGroup;
			children = (
			);
			name = "Data model";
			sourceTree = "<group>";
		};
		2294FF4E1653BAD100E137CE = {
			isa = PBXGroup;
			children = (
				2294FF631653BAD100E137CE /* KiwiTests */,
				2294FF8A1653BAD100E137CE /* KiwiTests */,
				2294FF5C1653BAD100E137CE /* Frameworks */,
				2294FF5A1653BAD100E137CE /* Products */,
			);
			sourceTree = "<group>";
		};
		2294FF5A1653BAD100E137CE /* Products */ = {
			isa = PBXGroup;
			children = (
				2294FF591653BAD100E137CE /* KiwiTests.app */,
				2294FF831653BAD100E137CE /* KiwiTestsTests.octest */,
			);
			name = Products;
			sourceTree = "<group>";
		};
		2294FF5C1653BAD100E137CE /* Frameworks */ = {
			isa = PBXGroup;
			children = (
				2294002A1653C72900E137CE /* CoreData.framework */,
				2294FF5D1653BAD100E137CE /* UIKit.framework */,
				2294FF5F1653BAD100E137CE /* Foundation.framework */,
				2294FF611653BAD100E137CE /* CoreGraphics.framework */,
				2294FF841653BAD100E137CE /* SenTestingKit.framework */,
			);
			name = Frameworks;
			sourceTree = "<group>";
		};
		2294FF631653BAD100E137CE /* KiwiTests */ = {
			isa = PBXGroup;
			children = (
				2294FF9B1653BAD700E137CE /* App delegate */,
				2294FF9C1653BADF00E137CE /* Front end */,
				2294FF9D1653BAEB00E137CE /* Back end */,
				2294FFB81653C6C400E137CE /* Third party */,
				2294FF641653BAD100E137CE /* Supporting Files */,
			);
			path = KiwiTests;
			sourceTree = "<group>";
		};
		2294FF641653BAD100E137CE /* Supporting Files */ = {
			isa = PBXGroup;
			children = (
				2294FF651653BAD100E137CE /* KiwiTests-Info.plist */,
				2294FF661653BAD100E137CE /* InfoPlist.strings */,
				2294FF691653BAD100E137CE /* main.m */,
				2294FF6B1653BAD100E137CE /* KiwiTests-Prefix.pch */,
				2294FF6F1653BAD100E137CE /* Default.png */,
				2294FF711653BAD100E137CE /* Default@2x.png */,
				2294FF731653BAD100E137CE /* Default-568h@2x.png */,
			);
			name = "Supporting Files";
			sourceTree = "<group>";
		};
		2294FF8A1653BAD100E137CE /* KiwiTests */ = {
			isa = PBXGroup;
			children = (
				2294FFAD1653C08900E137CE /* KiwiTests */,
				2294FFAC1653C08200E137CE /* SenTests */,
				2294FF8B1653BAD100E137CE /* Supporting Files */,
				2294FFB01653C15300E137CE /* Frameworks */,
			);
			name = KiwiTests;
			path = KiwiTestsTests;
			sourceTree = "<group>";
		};
		2294FF8B1653BAD100E137CE /* Supporting Files */ = {
			isa = PBXGroup;
			children = (
				2294FF8C1653BAD100E137CE /* KiwiTestsTests-Info.plist */,
				2294FF8D1653BAD100E137CE /* InfoPlist.strings */,
			);
			name = "Supporting Files";
			sourceTree = "<group>";
		};
		2294FF9B1653BAD700E137CE /* App delegate */ = {
			isa = PBXGroup;
			children = (
				2294FF6C1653BAD100E137CE /* AppDelegate.h */,
				2294FF6D1653BAD100E137CE /* AppDelegate.m */,
			);
			name = "App delegate";
			sourceTree = "<group>";
		};
		2294FF9C1653BADF00E137CE /* Front end */ = {
			isa = PBXGroup;
			children = (
				2294FF751653BAD100E137CE /* ViewController.h */,
				2294FF761653BAD100E137CE /* ViewController.m */,
				2294FF781653BAD100E137CE /* ViewController_iPhone.xib */,
				2294FF7B1653BAD100E137CE /* ViewController_iPad.xib */,
			);
			name = "Front end";
			sourceTree = "<group>";
		};
		2294FF9D1653BAEB00E137CE /* Back end */ = {
			isa = PBXGroup;
			children = (
				229400311653C85900E137CE /* Data model */,
			);
			name = "Back end";
			sourceTree = "<group>";
		};
		2294FFAC1653C08200E137CE /* SenTests */ = {
			isa = PBXGroup;
			children = (
				2294FF901653BAD100E137CE /* KiwiSenTest.h */,
				2294FF911653BAD100E137CE /* KiwiSenTest.m */,
			);
			name = SenTests;
			sourceTree = "<group>";
		};
		2294FFAD1653C08900E137CE /* KiwiTests */ = {
			isa = PBXGroup;
			children = (
				2294FFA91653BE5F00E137CE /* KiwiTest.m */,
			);
			name = KiwiTests;
			sourceTree = "<group>";
		};
		2294FFB01653C15300E137CE /* Frameworks */ = {
			isa = PBXGroup;
			children = (
				2294FFAE1653C14F00E137CE /* libKiwi.a */,
			);
			name = Frameworks;
			sourceTree = "<group>";
		};
		2294FFB81653C6C400E137CE /* Third party */ = {
			isa = PBXGroup;
			children = (
				2294FFBA1653C6D400E137CE /* MagicalRecord */,
			);
			name = "Third party";
			sourceTree = "<group>";
		};
		2294FFBA1653C6D400E137CE /* MagicalRecord */ = {
			isa = PBXGroup;
			children = (
				2294FFBB1653C6D400E137CE /* Categories */,
				2294FFE51653C6D400E137CE /* Core */,
				2294FFF51653C6D400E137CE /* CoreData+MagicalRecord.h */,
			);
			name = MagicalRecord;
			path = Frameworks/MagicalRecord/MagicalRecord;
			sourceTree = SOURCE_ROOT;
		};
		2294FFBB1653C6D400E137CE /* Categories */ = {
			isa = PBXGroup;
			children = (
				2294FFBC1653C6D400E137CE /* DataImport */,
				2294FFCB1653C6D400E137CE /* NSManagedObject */,
				2294FFD61653C6D400E137CE /* NSManagedObjectContext */,
				2294FFDF1653C6D400E137CE /* NSManagedObjectModel+MagicalRecord.h */,
				2294FFE01653C6D400E137CE /* NSManagedObjectModel+MagicalRecord.m */,
				2294FFE11653C6D400E137CE /* NSPersistentStore+MagicalRecord.h */,
				2294FFE21653C6D400E137CE /* NSPersistentStore+MagicalRecord.m */,
				2294FFE31653C6D400E137CE /* NSPersistentStoreCoordinator+MagicalRecord.h */,
				2294FFE41653C6D400E137CE /* NSPersistentStoreCoordinator+MagicalRecord.m */,
			);
			path = Categories;
			sourceTree = "<group>";
		};
		2294FFBC1653C6D400E137CE /* DataImport */ = {
			isa = PBXGroup;
			children = (
				2294FFBD1653C6D400E137CE /* MagicalImportFunctions.h */,
				2294FFBE1653C6D400E137CE /* MagicalImportFunctions.m */,
				2294FFBF1653C6D400E137CE /* NSAttributeDescription+MagicalDataImport.h */,
				2294FFC01653C6D400E137CE /* NSAttributeDescription+MagicalDataImport.m */,
				2294FFC11653C6D400E137CE /* NSEntityDescription+MagicalDataImport.h */,
				2294FFC21653C6D400E137CE /* NSEntityDescription+MagicalDataImport.m */,
				2294FFC31653C6D400E137CE /* NSNumber+MagicalDataImport.h */,
				2294FFC41653C6D400E137CE /* NSNumber+MagicalDataImport.m */,
				2294FFC51653C6D400E137CE /* NSObject+MagicalDataImport.h */,
				2294FFC61653C6D400E137CE /* NSObject+MagicalDataImport.m */,
				2294FFC71653C6D400E137CE /* NSRelationshipDescription+MagicalDataImport.h */,
				2294FFC81653C6D400E137CE /* NSRelationshipDescription+MagicalDataImport.m */,
				2294FFC91653C6D400E137CE /* NSString+MagicalDataImport.h */,
				2294FFCA1653C6D400E137CE /* NSString+MagicalDataImport.m */,
			);
			path = DataImport;
			sourceTree = "<group>";
		};
		2294FFCB1653C6D400E137CE /* NSManagedObject */ = {
			isa = PBXGroup;
			children = (
				2294FFCC1653C6D400E137CE /* NSManagedObject+MagicalAggregation.h */,
				2294FFCD1653C6D400E137CE /* NSManagedObject+MagicalAggregation.m */,
				2294FFCE1653C6D400E137CE /* NSManagedObject+MagicalDataImport.h */,
				2294FFCF1653C6D400E137CE /* NSManagedObject+MagicalDataImport.m */,
				2294FFD01653C6D400E137CE /* NSManagedObject+MagicalFinders.h */,
				2294FFD11653C6D400E137CE /* NSManagedObject+MagicalFinders.m */,
				2294FFD21653C6D400E137CE /* NSManagedObject+MagicalRecord.h */,
				2294FFD31653C6D400E137CE /* NSManagedObject+MagicalRecord.m */,
				2294FFD41653C6D400E137CE /* NSManagedObject+MagicalRequests.h */,
				2294FFD51653C6D400E137CE /* NSManagedObject+MagicalRequests.m */,
			);
			path = NSManagedObject;
			sourceTree = "<group>";
		};
		2294FFD61653C6D400E137CE /* NSManagedObjectContext */ = {
			isa = PBXGroup;
			children = (
				2294FFD71653C6D400E137CE /* NSManagedObjectContext+MagicalObserving.h */,
				2294FFD81653C6D400E137CE /* NSManagedObjectContext+MagicalObserving.m */,
				2294FFD91653C6D400E137CE /* NSManagedObjectContext+MagicalRecord.h */,
				2294FFDA1653C6D400E137CE /* NSManagedObjectContext+MagicalRecord.m */,
				2294FFDB1653C6D400E137CE /* NSManagedObjectContext+MagicalSaves.h */,
				2294FFDC1653C6D400E137CE /* NSManagedObjectContext+MagicalSaves.m */,
				2294FFDD1653C6D400E137CE /* NSManagedObjectContext+MagicalThreading.h */,
				2294FFDE1653C6D400E137CE /* NSManagedObjectContext+MagicalThreading.m */,
			);
			path = NSManagedObjectContext;
			sourceTree = "<group>";
		};
		2294FFE51653C6D400E137CE /* Core */ = {
			isa = PBXGroup;
			children = (
				2294FFE61653C6D400E137CE /* MagicalRecord+Actions.h */,
				2294FFE71653C6D400E137CE /* MagicalRecord+Actions.m */,
				2294FFE81653C6D400E137CE /* MagicalRecord+ErrorHandling.h */,
				2294FFE91653C6D400E137CE /* MagicalRecord+ErrorHandling.m */,
				2294FFEA1653C6D400E137CE /* MagicalRecord+iCloud.h */,
				2294FFEB1653C6D400E137CE /* MagicalRecord+iCloud.m */,
				2294FFEC1653C6D400E137CE /* MagicalRecord+Options.h */,
				2294FFED1653C6D400E137CE /* MagicalRecord+Options.m */,
				2294FFEE1653C6D400E137CE /* MagicalRecord+Setup.h */,
				2294FFEF1653C6D400E137CE /* MagicalRecord+Setup.m */,
				2294FFF01653C6D400E137CE /* MagicalRecord+ShorthandSupport.h */,
				2294FFF11653C6D400E137CE /* MagicalRecord+ShorthandSupport.m */,
				2294FFF21653C6D400E137CE /* MagicalRecord.h */,
				2294FFF31653C6D400E137CE /* MagicalRecord.m */,
				2294FFF41653C6D400E137CE /* MagicalRecordShorthand.h */,
			);
			path = Core;
			sourceTree = "<group>";
		};
/* End PBXGroup section */

/* Begin PBXNativeTarget section */
		2294FF581653BAD100E137CE /* KiwiTests */ = {
			isa = PBXNativeTarget;
			buildConfigurationList = 2294FF951653BAD100E137CE /* Build configuration list for PBXNativeTarget "KiwiTests" */;
			buildPhases = (
				2294FF551653BAD100E137CE /* Sources */,
				2294FF561653BAD100E137CE /* Frameworks */,
				2294FF571653BAD100E137CE /* Resources */,
			);
			buildRules = (
			);
			dependencies = (
			);
			name = KiwiTests;
			productName = KiwiTests;
			productReference = 2294FF591653BAD100E137CE /* KiwiTests.app */;
			productType = "com.apple.product-type.application";
		};
		2294FF821653BAD100E137CE /* KiwiTestsTests */ = {
			isa = PBXNativeTarget;
			buildConfigurationList = 2294FF981653BAD100E137CE /* Build configuration list for PBXNativeTarget "KiwiTestsTests" */;
			buildPhases = (
				2294FF7E1653BAD100E137CE /* Sources */,
				2294FF7F1653BAD100E137CE /* Frameworks */,
				2294FF801653BAD100E137CE /* Resources */,
				2294FF811653BAD100E137CE /* ShellScript */,
			);
			buildRules = (
			);
			dependencies = (
				2294FF891653BAD100E137CE /* PBXTargetDependency */,
			);
			name = KiwiTestsTests;
			productName = KiwiTestsTests;
			productReference = 2294FF831653BAD100E137CE /* KiwiTestsTests.octest */;
			productType = "com.apple.product-type.bundle";
		};
/* End PBXNativeTarget section */

/* Begin PBXProject section */
		2294FF501653BAD100E137CE /* Project object */ = {
			isa = PBXProject;
			attributes = {
				LastUpgradeCheck = 0450;
				ORGANIZATIONNAME = Tim;
			};
			buildConfigurationList = 2294FF531653BAD100E137CE /* Build configuration list for PBXProject "KiwiTests" */;
			compatibilityVersion = "Xcode 3.2";
			developmentRegion = English;
			hasScannedForEncodings = 0;
			knownRegions = (
				en,
			);
			mainGroup = 2294FF4E1653BAD100E137CE;
			productRefGroup = 2294FF5A1653BAD100E137CE /* Products */;
			projectDirPath = "";
			projectRoot = "";
			targets = (
				2294FF581653BAD100E137CE /* KiwiTests */,
				2294FF821653BAD100E137CE /* KiwiTestsTests */,
			);
		};
/* End PBXProject section */

/* Begin PBXResourcesBuildPhase section */
		2294FF571653BAD100E137CE /* Resources */ = {
			isa = PBXResourcesBuildPhase;
			buildActionMask = 2147483647;
			files = (
				2294FF681653BAD100E137CE /* InfoPlist.strings in Resources */,
				2294FF701653BAD100E137CE /* Default.png in Resources */,
				2294FF721653BAD100E137CE /* Default@2x.png in Resources */,
				2294FF741653BAD100E137CE /* Default-568h@2x.png in Resources */,
				2294FF7A1653BAD100E137CE /* ViewController_iPhone.xib in Resources */,
				2294FF7D1653BAD100E137CE /* ViewController_iPad.xib in Resources */,
			);
			runOnlyForDeploymentPostprocessing = 0;
		};
		2294FF801653BAD100E137CE /* Resources */ = {
			isa = PBXResourcesBuildPhase;
			buildActionMask = 2147483647;
			files = (
				2294FF8F1653BAD100E137CE /* InfoPlist.strings in Resources */,
			);
			runOnlyForDeploymentPostprocessing = 0;
		};
/* End PBXResourcesBuildPhase section */

/* Begin PBXShellScriptBuildPhase section */
		2294FF811653BAD100E137CE /* ShellScript */ = {
			isa = PBXShellScriptBuildPhase;
			buildActionMask = 2147483647;
			files = (
			);
			inputPaths = (
			);
			outputPaths = (
			);
			runOnlyForDeploymentPostprocessing = 0;
			shellPath = /bin/sh;
			shellScript = "# Run the unit tests in this test bundle.\n\"${SYSTEM_DEVELOPER_DIR}/Tools/RunUnitTests\"\n";
		};
/* End PBXShellScriptBuildPhase section */

/* Begin PBXSourcesBuildPhase section */
		2294FF551653BAD100E137CE /* Sources */ = {
			isa = PBXSourcesBuildPhase;
			buildActionMask = 2147483647;
			files = (
				2294FF6A1653BAD100E137CE /* main.m in Sources */,
				2294FF6E1653BAD100E137CE /* AppDelegate.m in Sources */,
				2294FF771653BAD100E137CE /* ViewController.m in Sources */,
				2294FFF61653C6D400E137CE /* MagicalImportFunctions.m in Sources */,
				2294FFF81653C6D400E137CE /* NSAttributeDescription+MagicalDataImport.m in Sources */,
				2294FFFA1653C6D400E137CE /* NSEntityDescription+MagicalDataImport.m in Sources */,
				2294FFFC1653C6D400E137CE /* NSNumber+MagicalDataImport.m in Sources */,
				2294FFFE1653C6D400E137CE /* NSObject+MagicalDataImport.m in Sources */,
				229400001653C6D400E137CE /* NSRelationshipDescription+MagicalDataImport.m in Sources */,
				229400021653C6D400E137CE /* NSString+MagicalDataImport.m in Sources */,
				229400041653C6D400E137CE /* NSManagedObject+MagicalAggregation.m in Sources */,
				229400061653C6D400E137CE /* NSManagedObject+MagicalDataImport.m in Sources */,
				229400081653C6D400E137CE /* NSManagedObject+MagicalFinders.m in Sources */,
				2294000A1653C6D400E137CE /* NSManagedObject+MagicalRecord.m in Sources */,
				2294000C1653C6D400E137CE /* NSManagedObject+MagicalRequests.m in Sources */,
				2294000E1653C6D400E137CE /* NSManagedObjectContext+MagicalObserving.m in Sources */,
				229400101653C6D400E137CE /* NSManagedObjectContext+MagicalRecord.m in Sources */,
				229400121653C6D400E137CE /* NSManagedObjectContext+MagicalSaves.m in Sources */,
				229400141653C6D400E137CE /* NSManagedObjectContext+MagicalThreading.m in Sources */,
				229400161653C6D400E137CE /* NSManagedObjectModel+MagicalRecord.m in Sources */,
				229400181653C6D400E137CE /* NSPersistentStore+MagicalRecord.m in Sources */,
				2294001A1653C6D400E137CE /* NSPersistentStoreCoordinator+MagicalRecord.m in Sources */,
				2294001C1653C6D400E137CE /* MagicalRecord+Actions.m in Sources */,
				2294001E1653C6D400E137CE /* MagicalRecord+ErrorHandling.m in Sources */,
				229400201653C6D400E137CE /* MagicalRecord+iCloud.m in Sources */,
				229400221653C6D400E137CE /* MagicalRecord+Options.m in Sources */,
				229400241653C6D400E137CE /* MagicalRecord+Setup.m in Sources */,
				229400261653C6D400E137CE /* MagicalRecord+ShorthandSupport.m in Sources */,
				229400281653C6D400E137CE /* MagicalRecord.m in Sources */,
			);
			runOnlyForDeploymentPostprocessing = 0;
		};
		2294FF7E1653BAD100E137CE /* Sources */ = {
			isa = PBXSourcesBuildPhase;
			buildActionMask = 2147483647;
			files = (
				2294FF921653BAD100E137CE /* KiwiSenTest.m in Sources */,
				2294FFAA1653BE5F00E137CE /* KiwiTest.m in Sources */,
				2294FFF71653C6D400E137CE /* MagicalImportFunctions.m in Sources */,
				2294FFF91653C6D400E137CE /* NSAttributeDescription+MagicalDataImport.m in Sources */,
				2294FFFB1653C6D400E137CE /* NSEntityDescription+MagicalDataImport.m in Sources */,
				2294FFFD1653C6D400E137CE /* NSNumber+MagicalDataImport.m in Sources */,
				2294FFFF1653C6D400E137CE /* NSObject+MagicalDataImport.m in Sources */,
				229400011653C6D400E137CE /* NSRelationshipDescription+MagicalDataImport.m in Sources */,
				229400031653C6D400E137CE /* NSString+MagicalDataImport.m in Sources */,
				229400051653C6D400E137CE /* NSManagedObject+MagicalAggregation.m in Sources */,
				229400071653C6D400E137CE /* NSManagedObject+MagicalDataImport.m in Sources */,
				229400091653C6D400E137CE /* NSManagedObject+MagicalFinders.m in Sources */,
				2294000B1653C6D400E137CE /* NSManagedObject+MagicalRecord.m in Sources */,
				2294000D1653C6D400E137CE /* NSManagedObject+MagicalRequests.m in Sources */,
				2294000F1653C6D400E137CE /* NSManagedObjectContext+MagicalObserving.m in Sources */,
				229400111653C6D400E137CE /* NSManagedObjectContext+MagicalRecord.m in Sources */,
				229400131653C6D400E137CE /* NSManagedObjectContext+MagicalSaves.m in Sources */,
				229400151653C6D400E137CE /* NSManagedObjectContext+MagicalThreading.m in Sources */,
				229400171653C6D400E137CE /* NSManagedObjectModel+MagicalRecord.m in Sources */,
				229400191653C6D400E137CE /* NSPersistentStore+MagicalRecord.m in Sources */,
				2294001B1653C6D400E137CE /* NSPersistentStoreCoordinator+MagicalRecord.m in Sources */,
				2294001D1653C6D400E137CE /* MagicalRecord+Actions.m in Sources */,
				2294001F1653C6D400E137CE /* MagicalRecord+ErrorHandling.m in Sources */,
				229400211653C6D400E137CE /* MagicalRecord+iCloud.m in Sources */,
				229400231653C6D400E137CE /* MagicalRecord+Options.m in Sources */,
				229400251653C6D400E137CE /* MagicalRecord+Setup.m in Sources */,
				229400271653C6D400E137CE /* MagicalRecord+ShorthandSupport.m in Sources */,
				229400291653C6D400E137CE /* MagicalRecord.m in Sources */,
			);
			runOnlyForDeploymentPostprocessing = 0;
		};
/* End PBXSourcesBuildPhase section */

/* Begin PBXTargetDependency section */
		2294FF891653BAD100E137CE /* PBXTargetDependency */ = {
			isa = PBXTargetDependency;
			target = 2294FF581653BAD100E137CE /* KiwiTests */;
			targetProxy = 2294FF881653BAD100E137CE /* PBXContainerItemProxy */;
		};
/* End PBXTargetDependency section */

/* Begin PBXVariantGroup section */
		2294FF661653BAD100E137CE /* InfoPlist.strings */ = {
			isa = PBXVariantGroup;
			children = (
				2294FF671653BAD100E137CE /* en */,
			);
			name = InfoPlist.strings;
			sourceTree = "<group>";
		};
		2294FF781653BAD100E137CE /* ViewController_iPhone.xib */ = {
			isa = PBXVariantGroup;
			children = (
				2294FF791653BAD100E137CE /* en */,
			);
			name = ViewController_iPhone.xib;
			sourceTree = "<group>";
		};
		2294FF7B1653BAD100E137CE /* ViewController_iPad.xib */ = {
			isa = PBXVariantGroup;
			children = (
				2294FF7C1653BAD100E137CE /* en */,
			);
			name = ViewController_iPad.xib;
			sourceTree = "<group>";
		};
		2294FF8D1653BAD100E137CE /* InfoPlist.strings */ = {
			isa = PBXVariantGroup;
			children = (
				2294FF8E1653BAD100E137CE /* en */,
			);
			name = InfoPlist.strings;
			sourceTree = "<group>";
		};
/* End PBXVariantGroup section */

/* Begin XCBuildConfiguration section */
		2294FF931653BAD100E137CE /* Debug */ = {
			isa = XCBuildConfiguration;
			buildSettings = {
				ALWAYS_SEARCH_USER_PATHS = NO;
				CLANG_CXX_LANGUAGE_STANDARD = "gnu++0x";
				CLANG_CXX_LIBRARY = "libc++";
				CLANG_ENABLE_OBJC_ARC = YES;
				CLANG_WARN_EMPTY_BODY = YES;
				CLANG_WARN__DUPLICATE_METHOD_MATCH = YES;
				"CODE_SIGN_IDENTITY[sdk=iphoneos*]" = "iPhone Developer";
				COPY_PHASE_STRIP = NO;
				GCC_C_LANGUAGE_STANDARD = gnu99;
				GCC_DYNAMIC_NO_PIC = NO;
				GCC_OPTIMIZATION_LEVEL = 0;
				GCC_PREPROCESSOR_DEFINITIONS = (
					"DEBUG=1",
					"$(inherited)",
				);
				GCC_SYMBOLS_PRIVATE_EXTERN = NO;
				GCC_WARN_ABOUT_RETURN_TYPE = YES;
				GCC_WARN_UNINITIALIZED_AUTOS = YES;
				GCC_WARN_UNUSED_VARIABLE = YES;
				IPHONEOS_DEPLOYMENT_TARGET = 6.0;
				ONLY_ACTIVE_ARCH = YES;
				SDKROOT = iphoneos;
				TARGETED_DEVICE_FAMILY = "1,2";
			};
			name = Debug;
		};
		2294FF941653BAD100E137CE /* Release */ = {
			isa = XCBuildConfiguration;
			buildSettings = {
				ALWAYS_SEARCH_USER_PATHS = NO;
				CLANG_CXX_LANGUAGE_STANDARD = "gnu++0x";
				CLANG_CXX_LIBRARY = "libc++";
				CLANG_ENABLE_OBJC_ARC = YES;
				CLANG_WARN_EMPTY_BODY = YES;
				CLANG_WARN__DUPLICATE_METHOD_MATCH = YES;
				"CODE_SIGN_IDENTITY[sdk=iphoneos*]" = "iPhone Developer";
				COPY_PHASE_STRIP = YES;
				GCC_C_LANGUAGE_STANDARD = gnu99;
				GCC_WARN_ABOUT_RETURN_TYPE = YES;
				GCC_WARN_UNINITIALIZED_AUTOS = YES;
				GCC_WARN_UNUSED_VARIABLE = YES;
				IPHONEOS_DEPLOYMENT_TARGET = 6.0;
				OTHER_CFLAGS = "-DNS_BLOCK_ASSERTIONS=1";
				SDKROOT = iphoneos;
				TARGETED_DEVICE_FAMILY = "1,2";
				VALIDATE_PRODUCT = YES;
			};
			name = Release;
		};
		2294FF961653BAD100E137CE /* Debug */ = {
			isa = XCBuildConfiguration;
			buildSettings = {
				GCC_PRECOMPILE_PREFIX_HEADER = YES;
				GCC_PREFIX_HEADER = "KiwiTests/KiwiTests-Prefix.pch";
				INFOPLIST_FILE = "KiwiTests/KiwiTests-Info.plist";
				PRODUCT_NAME = "$(TARGET_NAME)";
				WRAPPER_EXTENSION = app;
			};
			name = Debug;
		};
		2294FF971653BAD100E137CE /* Release */ = {
			isa = XCBuildConfiguration;
			buildSettings = {
				GCC_PRECOMPILE_PREFIX_HEADER = YES;
				GCC_PREFIX_HEADER = "KiwiTests/KiwiTests-Prefix.pch";
				INFOPLIST_FILE = "KiwiTests/KiwiTests-Info.plist";
				PRODUCT_NAME = "$(TARGET_NAME)";
				WRAPPER_EXTENSION = app;
			};
			name = Release;
		};
		2294FF991653BAD100E137CE /* Debug */ = {
			isa = XCBuildConfiguration;
			buildSettings = {
				BUNDLE_LOADER = "$(BUILT_PRODUCTS_DIR)/KiwiTests.app/KiwiTests";
				FRAMEWORK_SEARCH_PATHS = (
					"\"$(SDKROOT)/Developer/Library/Frameworks\"",
					"\"$(DEVELOPER_LIBRARY_DIR)/Frameworks\"",
				);
				GCC_PRECOMPILE_PREFIX_HEADER = YES;
				GCC_PREFIX_HEADER = "KiwiTests/KiwiTests-Prefix.pch";
				INFOPLIST_FILE = "KiwiTestsTests/KiwiTestsTests-Info.plist";
				OTHER_LDFLAGS = "-all_load";
				PRODUCT_NAME = "$(TARGET_NAME)";
				TEST_HOST = "$(BUNDLE_LOADER)";
				USER_HEADER_SEARCH_PATHS = "$(SOURCE_ROOT)/Frameworks/Kiwi/Kiwi";
				WRAPPER_EXTENSION = octest;
			};
			name = Debug;
		};
		2294FF9A1653BAD100E137CE /* Release */ = {
			isa = XCBuildConfiguration;
			buildSettings = {
				BUNDLE_LOADER = "$(BUILT_PRODUCTS_DIR)/KiwiTests.app/KiwiTests";
				FRAMEWORK_SEARCH_PATHS = (
					"\"$(SDKROOT)/Developer/Library/Frameworks\"",
					"\"$(DEVELOPER_LIBRARY_DIR)/Frameworks\"",
				);
				GCC_PRECOMPILE_PREFIX_HEADER = YES;
				GCC_PREFIX_HEADER = "KiwiTests/KiwiTests-Prefix.pch";
				INFOPLIST_FILE = "KiwiTestsTests/KiwiTestsTests-Info.plist";
				OTHER_LDFLAGS = "-all_load";
				PRODUCT_NAME = "$(TARGET_NAME)";
				TEST_HOST = "$(BUNDLE_LOADER)";
				USER_HEADER_SEARCH_PATHS = "$(SOURCE_ROOT)/Frameworks/Kiwi/Kiwi";
				WRAPPER_EXTENSION = octest;
			};
			name = Release;
		};
/* End XCBuildConfiguration section */

/* Begin XCConfigurationList section */
		2294FF531653BAD100E137CE /* Build configuration list for PBXProject "KiwiTests" */ = {
			isa = XCConfigurationList;
			buildConfigurations = (
				2294FF931653BAD100E137CE /* Debug */,
				2294FF941653BAD100E137CE /* Release */,
			);
			defaultConfigurationIsVisible = 0;
			defaultConfigurationName = Release;
		};
		2294FF951653BAD100E137CE /* Build configuration list for PBXNativeTarget "KiwiTests" */ = {
			isa = XCConfigurationList;
			buildConfigurations = (
				2294FF961653BAD100E137CE /* Debug */,
				2294FF971653BAD100E137CE /* Release */,
			);
			defaultConfigurationIsVisible = 0;
			defaultConfigurationName = Release;
		};
		2294FF981653BAD100E137CE /* Build configuration list for PBXNativeTarget "KiwiTestsTests" */ = {
			isa = XCConfigurationList;
			buildConfigurations = (
				2294FF991653BAD100E137CE /* Debug */,
				2294FF9A1653BAD100E137CE /* Release */,
			);
			defaultConfigurationIsVisible = 0;
			defaultConfigurationName = Release;
		};
/* End XCConfigurationList section */
	};
	rootObject = 2294FF501653BAD100E137CE /* Project object */;
}
